
Microsoft Visual Studio Solution File, Format Version 12.00
# Visual Studio Version 17
VisualStudioVersion = 17.2.32630.192
MinimumVisualStudioVersion = 10.0.40219.1
Project("{9A19103F-16F7-4668-BE54-9A1E7A4F7556}") = "R5T.O0008", "R5T.O0008\R5T.O0008.csproj", "{B07AF31A-7A6A-4B41-B627-2E7593067892}"
EndProject
Project("{2150E333-8FDC-42A3-9474-1A3956D46DE8}") = "_Dependencies", "_Dependencies", "{ECB0AB06-A3A3-49E1-8F08-8953E67AD557}"
EndProject
Project("{9A19103F-16F7-4668-BE54-9A1E7A4F7556}") = "R5T.F0000", "..\..\R5T.F0000\source\R5T.F0000\R5T.F0000.csproj", "{5120F16A-0F5E-46C1-B956-E95E4C283367}"
EndProject
Project("{9A19103F-16F7-4668-BE54-9A1E7A4F7556}") = "R5T.F0002", "..\..\R5T.F0002\source\R5T.F0002\R5T.F0002.csproj", "{9601A9A0-A61F-4024-9486-FB992F707E66}"
EndProject
Project("{9A19103F-16F7-4668-BE54-9A1E7A4F7556}") = "R5T.F0120", "..\..\R5T.F0120\source\R5T.F0120\R5T.F0120.csproj", "{6D395A71-2825-4B35-9BD7-B9216B975B02}"
EndProject
Project("{9A19103F-16F7-4668-BE54-9A1E7A4F7556}") = "R5T.F0124", "..\..\R5T.F0124\source\R5T.F0124\R5T.F0124.csproj", "{39725F09-CC1A-484B-A7A1-F83596973550}"
EndProject
Project("{9A19103F-16F7-4668-BE54-9A1E7A4F7556}") = "R5T.F0125", "..\..\R5T.F0125\source\R5T.F0125\R5T.F0125.csproj", "{5C344A9A-2D21-4352-B993-00D7D1F526B5}"
EndProject
Project("{9A19103F-16F7-4668-BE54-9A1E7A4F7556}") = "R5T.F0131", "..\..\R5T.F0131\source\R5T.F0131\R5T.F0131.csproj", "{1F7B6AF9-75C8-4208-AFF7-605289FA38CC}"
EndProject
Project("{9A19103F-16F7-4668-BE54-9A1E7A4F7556}") = "R5T.L0030.T000", "..\..\R5T.L0030\source\R5T.L0030.T000\R5T.L0030.T000.csproj", "{A58EB68E-E128-4B24-B3BA-8A8650014FB9}"
EndProject
Project("{9A19103F-16F7-4668-BE54-9A1E7A4F7556}") = "R5T.L0030", "..\..\R5T.L0030\source\R5T.L0030\R5T.L0030.csproj", "{5DEB9639-E171-472D-ACB4-21D8BF6ABCEE}"
EndProject
Project("{9A19103F-16F7-4668-BE54-9A1E7A4F7556}") = "R5T.L0034", "..\..\R5T.L0034\source\R5T.L0034\R5T.L0034.csproj", "{C446A417-87DE-4C20-AEB0-DCB7E33212B8}"
EndProject
Project("{9A19103F-16F7-4668-BE54-9A1E7A4F7556}") = "R5T.L0035", "..\..\R5T.L0035\source\R5T.L0035\R5T.L0035.csproj", "{1C8D456A-8FEA-4428-AE4D-9D8FC68FE407}"
EndProject
Project("{9A19103F-16F7-4668-BE54-9A1E7A4F7556}") = "R5T.O0003", "..\..\R5T.O0003\source\R5T.O0003\R5T.O0003.csproj", "{4BEB6090-3CA5-4919-8230-E818DA7A15DE}"
EndProject
Project("{9A19103F-16F7-4668-BE54-9A1E7A4F7556}") = "R5T.T0131", "..\..\R5T.T0131\source\R5T.T0131\R5T.T0131.csproj", "{2029F74D-1785-4940-86FB-F986A572A1A4}"
EndProject
Project("{9A19103F-16F7-4668-BE54-9A1E7A4F7556}") = "R5T.T0132", "..\..\R5T.T0132\source\R5T.T0132\R5T.T0132.csproj", "{3E929DDC-6167-463E-A388-E8D0B4AD010F}"
EndProject
Project("{9A19103F-16F7-4668-BE54-9A1E7A4F7556}") = "R5T.T0142", "..\..\R5T.T0142\source\R5T.T0142\R5T.T0142.csproj", "{C8F19818-C891-4C2C-939A-898618A2FE10}"
EndProject
Project("{9A19103F-16F7-4668-BE54-9A1E7A4F7556}") = "R5T.T0143", "..\..\R5T.T0143\source\R5T.T0143\R5T.T0143.csproj", "{A8999374-455F-426D-B1FB-F6BC73290003}"
EndProject
Project("{9A19103F-16F7-4668-BE54-9A1E7A4F7556}") = "R5T.T0150", "..\..\R5T.T0150\source\R5T.T0150\R5T.T0150.csproj", "{242BB986-6CB5-49C0-8017-BEE0C5EE5062}"
EndProject
Project("{9A19103F-16F7-4668-BE54-9A1E7A4F7556}") = "R5T.T0151", "..\..\R5T.T0151\source\R5T.T0151\R5T.T0151.csproj", "{F11EBAC7-B9E8-4F98-82F2-CA12C3F68B34}"
EndProject
Project("{9A19103F-16F7-4668-BE54-9A1E7A4F7556}") = "R5T.T0156", "..\..\R5T.T0156\source\R5T.T0156\R5T.T0156.csproj", "{F261CC6F-F323-475C-AEE1-9BBE57544820}"
EndProject
Project("{9A19103F-16F7-4668-BE54-9A1E7A4F7556}") = "R5T.T0161", "..\..\R5T.T0161\source\R5T.T0161\R5T.T0161.csproj", "{D7E558EB-7A8F-4779-9DD5-1854D408354E}"
EndProject
Project("{9A19103F-16F7-4668-BE54-9A1E7A4F7556}") = "R5T.T0172", "..\..\R5T.T0172\source\R5T.T0172\R5T.T0172.csproj", "{91A34255-EA21-4FA7-A62D-04BFE5F6111F}"
EndProject
Project("{9A19103F-16F7-4668-BE54-9A1E7A4F7556}") = "R5T.T0174", "..\..\R5T.T0174\source\R5T.T0174\R5T.T0174.csproj", "{51C0E83A-EA15-4805-91E7-A9FFB1AF3F65}"
EndProject
Project("{9A19103F-16F7-4668-BE54-9A1E7A4F7556}") = "R5T.T0176", "..\..\R5T.T0176\source\R5T.T0176\R5T.T0176.csproj", "{D2535658-77F7-4261-81BE-811B3B7C2945}"
EndProject
Project("{9A19103F-16F7-4668-BE54-9A1E7A4F7556}") = "R5T.T0177", "..\..\R5T.T0177\source\R5T.T0177\R5T.T0177.csproj", "{41CA5631-243F-4571-984C-68D37B72C0B0}"
EndProject
Project("{9A19103F-16F7-4668-BE54-9A1E7A4F7556}") = "R5T.T0178", "..\..\R5T.T0178\source\R5T.T0178\R5T.T0178.csproj", "{5F3DF56C-1E0D-4DB9-82DF-008530791222}"
EndProject
Project("{9A19103F-16F7-4668-BE54-9A1E7A4F7556}") = "R5T.T0179", "..\..\R5T.T0179\source\R5T.T0179\R5T.T0179.csproj", "{14CE33B3-36B1-4D2B-B96C-5EA7DABDD970}"
EndProject
Project("{9A19103F-16F7-4668-BE54-9A1E7A4F7556}") = "R5T.T0180", "..\..\R5T.T0180\source\R5T.T0180\R5T.T0180.csproj", "{86F878C3-C0B0-4A27-A4CF-DD21995D05D8}"
EndProject
Project("{9A19103F-16F7-4668-BE54-9A1E7A4F7556}") = "R5T.T0181", "..\..\R5T.T0181\source\R5T.T0181\R5T.T0181.csproj", "{CA443C60-3947-40F5-8C18-7B58E39E3640}"
EndProject
Project("{9A19103F-16F7-4668-BE54-9A1E7A4F7556}") = "R5T.T0185", "..\..\R5T.T0185\source\R5T.T0185\R5T.T0185.csproj", "{84991CC5-0BDE-42F2-BD74-B385C9ACDE8F}"
EndProject
Project("{9A19103F-16F7-4668-BE54-9A1E7A4F7556}") = "R5T.T0193", "..\..\R5T.T0193\source\R5T.T0193\R5T.T0193.csproj", "{1B13C0F4-2148-4B64-A821-D0679EF95F45}"
EndProject
Project("{9A19103F-16F7-4668-BE54-9A1E7A4F7556}") = "R5T.T0203", "..\..\R5T.T0203\source\R5T.T0203\R5T.T0203.csproj", "{791F3E24-B7D0-4ADF-8263-0C51DD48FC2C}"
EndProject
Project("{9A19103F-16F7-4668-BE54-9A1E7A4F7556}") = "R5T.Y0000", "..\..\R5T.Y0000\source\R5T.Y0000\R5T.Y0000.csproj", "{656C6142-9D91-49B0-84B0-DE8CA0255B29}"
EndProject
Project("{9A19103F-16F7-4668-BE54-9A1E7A4F7556}") = "R5T.Z0000", "..\..\R5T.Z0000\source\R5T.Z0000\R5T.Z0000.csproj", "{6786301A-9C61-4673-B095-AE1142BB6C30}"
EndProject
Project("{9A19103F-16F7-4668-BE54-9A1E7A4F7556}") = "R5T.O0004", "..\..\R5T.O0004\source\R5T.O0004\R5T.O0004.csproj", "{C73E369E-414F-4938-A9C9-AC0E0FADA0D5}"
EndProject
Project("{9A19103F-16F7-4668-BE54-9A1E7A4F7556}") = "R5T.F0053", "..\..\R5T.F0053\source\R5T.F0053\R5T.F0053.csproj", "{7B0B4E27-6273-4248-BF0A-AA0DA0EE89CE}"
EndProject
Project("{9A19103F-16F7-4668-BE54-9A1E7A4F7556}") = "R5T.F0054", "..\..\R5T.F0054\source\R5T.F0054\R5T.F0054.csproj", "{5534211F-257D-4D7C-B925-1DC4B65EE892}"
EndProject
Project("{9A19103F-16F7-4668-BE54-9A1E7A4F7556}") = "R5T.F0078", "..\..\R5T.F0078\source\R5T.F0078\R5T.F0078.csproj", "{8AB84209-34CD-4C84-A8B0-74B4CF93D06A}"
EndProject
Project("{9A19103F-16F7-4668-BE54-9A1E7A4F7556}") = "R5T.F0079", "..\..\R5T.F0079\source\R5T.F0079\R5T.F0079.csproj", "{62E945AB-CBFC-490C-9F5C-9346645AD90C}"
EndProject
Project("{9A19103F-16F7-4668-BE54-9A1E7A4F7556}") = "R5T.F0083.R001", "..\..\R5T.F0083\source\R5T.F0083.R001\R5T.F0083.R001.csproj", "{40BA4986-567F-45AF-BD4E-3B9473FBB309}"
EndProject
Project("{9A19103F-16F7-4668-BE54-9A1E7A4F7556}") = "R5T.F0083", "..\..\R5T.F0083\source\R5T.F0083\R5T.F0083.csproj", "{21923250-BD75-4837-B332-EDF38B1710AD}"
EndProject
Project("{9A19103F-16F7-4668-BE54-9A1E7A4F7556}") = "R5T.F0086", "..\..\R5T.F0086\source\R5T.F0086\R5T.F0086.csproj", "{1D57DFB0-8EC1-4645-A7BB-CE8D7E1F16C9}"
EndProject
Project("{9A19103F-16F7-4668-BE54-9A1E7A4F7556}") = "R5T.NG0009", "..\..\R5T.NG0009\source\R5T.NG0009\R5T.NG0009.csproj", "{56C2441D-FC56-42E9-9FDE-AB2112FD11E1}"
EndProject
Project("{9A19103F-16F7-4668-BE54-9A1E7A4F7556}") = "R5T.NG0014", "..\..\R5T.NG0014\source\R5T.NG0014\R5T.NG0014.csproj", "{AFB320F0-7802-489D-8CD4-F43D9CDAB2A0}"
EndProject
Project("{9A19103F-16F7-4668-BE54-9A1E7A4F7556}") = "R5T.T0154", "..\..\R5T.T0154\source\R5T.T0154\R5T.T0154.csproj", "{6572714B-3E4F-4080-95F7-9F2F0EC3C60C}"
EndProject
Global
	GlobalSection(NestedProjects) = preSolution
		{5120F16A-0F5E-46C1-B956-E95E4C283367} = {ECB0AB06-A3A3-49E1-8F08-8953E67AD557}
		{9601A9A0-A61F-4024-9486-FB992F707E66} = {ECB0AB06-A3A3-49E1-8F08-8953E67AD557}
		{6D395A71-2825-4B35-9BD7-B9216B975B02} = {ECB0AB06-A3A3-49E1-8F08-8953E67AD557}
		{39725F09-CC1A-484B-A7A1-F83596973550} = {ECB0AB06-A3A3-49E1-8F08-8953E67AD557}
		{5C344A9A-2D21-4352-B993-00D7D1F526B5} = {ECB0AB06-A3A3-49E1-8F08-8953E67AD557}
		{1F7B6AF9-75C8-4208-AFF7-605289FA38CC} = {ECB0AB06-A3A3-49E1-8F08-8953E67AD557}
		{A58EB68E-E128-4B24-B3BA-8A8650014FB9} = {ECB0AB06-A3A3-49E1-8F08-8953E67AD557}
		{5DEB9639-E171-472D-ACB4-21D8BF6ABCEE} = {ECB0AB06-A3A3-49E1-8F08-8953E67AD557}
		{C446A417-87DE-4C20-AEB0-DCB7E33212B8} = {ECB0AB06-A3A3-49E1-8F08-8953E67AD557}
		{1C8D456A-8FEA-4428-AE4D-9D8FC68FE407} = {ECB0AB06-A3A3-49E1-8F08-8953E67AD557}
		{4BEB6090-3CA5-4919-8230-E818DA7A15DE} = {ECB0AB06-A3A3-49E1-8F08-8953E67AD557}
		{2029F74D-1785-4940-86FB-F986A572A1A4} = {ECB0AB06-A3A3-49E1-8F08-8953E67AD557}
		{3E929DDC-6167-463E-A388-E8D0B4AD010F} = {ECB0AB06-A3A3-49E1-8F08-8953E67AD557}
		{C8F19818-C891-4C2C-939A-898618A2FE10} = {ECB0AB06-A3A3-49E1-8F08-8953E67AD557}
		{A8999374-455F-426D-B1FB-F6BC73290003} = {ECB0AB06-A3A3-49E1-8F08-8953E67AD557}
		{242BB986-6CB5-49C0-8017-BEE0C5EE5062} = {ECB0AB06-A3A3-49E1-8F08-8953E67AD557}
		{F11EBAC7-B9E8-4F98-82F2-CA12C3F68B34} = {ECB0AB06-A3A3-49E1-8F08-8953E67AD557}
		{F261CC6F-F323-475C-AEE1-9BBE57544820} = {ECB0AB06-A3A3-49E1-8F08-8953E67AD557}
		{D7E558EB-7A8F-4779-9DD5-1854D408354E} = {ECB0AB06-A3A3-49E1-8F08-8953E67AD557}
		{91A34255-EA21-4FA7-A62D-04BFE5F6111F} = {ECB0AB06-A3A3-49E1-8F08-8953E67AD557}
		{51C0E83A-EA15-4805-91E7-A9FFB1AF3F65} = {ECB0AB06-A3A3-49E1-8F08-8953E67AD557}
		{D2535658-77F7-4261-81BE-811B3B7C2945} = {ECB0AB06-A3A3-49E1-8F08-8953E67AD557}
		{41CA5631-243F-4571-984C-68D37B72C0B0} = {ECB0AB06-A3A3-49E1-8F08-8953E67AD557}
		{5F3DF56C-1E0D-4DB9-82DF-008530791222} = {ECB0AB06-A3A3-49E1-8F08-8953E67AD557}
		{14CE33B3-36B1-4D2B-B96C-5EA7DABDD970} = {ECB0AB06-A3A3-49E1-8F08-8953E67AD557}
		{86F878C3-C0B0-4A27-A4CF-DD21995D05D8} = {ECB0AB06-A3A3-49E1-8F08-8953E67AD557}
		{CA443C60-3947-40F5-8C18-7B58E39E3640} = {ECB0AB06-A3A3-49E1-8F08-8953E67AD557}
		{84991CC5-0BDE-42F2-BD74-B385C9ACDE8F} = {ECB0AB06-A3A3-49E1-8F08-8953E67AD557}
		{1B13C0F4-2148-4B64-A821-D0679EF95F45} = {ECB0AB06-A3A3-49E1-8F08-8953E67AD557}
		{791F3E24-B7D0-4ADF-8263-0C51DD48FC2C} = {ECB0AB06-A3A3-49E1-8F08-8953E67AD557}
		{656C6142-9D91-49B0-84B0-DE8CA0255B29} = {ECB0AB06-A3A3-49E1-8F08-8953E67AD557}
		{6786301A-9C61-4673-B095-AE1142BB6C30} = {ECB0AB06-A3A3-49E1-8F08-8953E67AD557}
		{C73E369E-414F-4938-A9C9-AC0E0FADA0D5} = {ECB0AB06-A3A3-49E1-8F08-8953E67AD557}
		{7B0B4E27-6273-4248-BF0A-AA0DA0EE89CE} = {ECB0AB06-A3A3-49E1-8F08-8953E67AD557}
		{5534211F-257D-4D7C-B925-1DC4B65EE892} = {ECB0AB06-A3A3-49E1-8F08-8953E67AD557}
		{8AB84209-34CD-4C84-A8B0-74B4CF93D06A} = {ECB0AB06-A3A3-49E1-8F08-8953E67AD557}
		{62E945AB-CBFC-490C-9F5C-9346645AD90C} = {ECB0AB06-A3A3-49E1-8F08-8953E67AD557}
		{40BA4986-567F-45AF-BD4E-3B9473FBB309} = {ECB0AB06-A3A3-49E1-8F08-8953E67AD557}
		{21923250-BD75-4837-B332-EDF38B1710AD} = {ECB0AB06-A3A3-49E1-8F08-8953E67AD557}
		{1D57DFB0-8EC1-4645-A7BB-CE8D7E1F16C9} = {ECB0AB06-A3A3-49E1-8F08-8953E67AD557}
		{56C2441D-FC56-42E9-9FDE-AB2112FD11E1} = {ECB0AB06-A3A3-49E1-8F08-8953E67AD557}
		{AFB320F0-7802-489D-8CD4-F43D9CDAB2A0} = {ECB0AB06-A3A3-49E1-8F08-8953E67AD557}
		{6572714B-3E4F-4080-95F7-9F2F0EC3C60C} = {ECB0AB06-A3A3-49E1-8F08-8953E67AD557}
	EndGlobalSection
	GlobalSection(SolutionConfigurationPlatforms) = preSolution
		Debug|Any CPU = Debug|Any CPU
		Release|Any CPU = Release|Any CPU
	EndGlobalSection
	GlobalSection(ProjectConfigurationPlatforms) = postSolution
		{B07AF31A-7A6A-4B41-B627-2E7593067892}.Debug|Any CPU.ActiveCfg = Debug|Any CPU
		{B07AF31A-7A6A-4B41-B627-2E7593067892}.Debug|Any CPU.Build.0 = Debug|Any CPU
		{B07AF31A-7A6A-4B41-B627-2E7593067892}.Release|Any CPU.ActiveCfg = Release|Any CPU
		{B07AF31A-7A6A-4B41-B627-2E7593067892}.Release|Any CPU.Build.0 = Release|Any CPU
		{5120F16A-0F5E-46C1-B956-E95E4C283367}.Debug|Any CPU.ActiveCfg = Debug|Any CPU
		{5120F16A-0F5E-46C1-B956-E95E4C283367}.Debug|Any CPU.Build.0 = Debug|Any CPU
		{5120F16A-0F5E-46C1-B956-E95E4C283367}.Release|Any CPU.ActiveCfg = Release|Any CPU
		{5120F16A-0F5E-46C1-B956-E95E4C283367}.Release|Any CPU.Build.0 = Release|Any CPU
		{9601A9A0-A61F-4024-9486-FB992F707E66}.Debug|Any CPU.ActiveCfg = Debug|Any CPU
		{9601A9A0-A61F-4024-9486-FB992F707E66}.Debug|Any CPU.Build.0 = Debug|Any CPU
		{9601A9A0-A61F-4024-9486-FB992F707E66}.Release|Any CPU.ActiveCfg = Release|Any CPU
		{9601A9A0-A61F-4024-9486-FB992F707E66}.Release|Any CPU.Build.0 = Release|Any CPU
		{6D395A71-2825-4B35-9BD7-B9216B975B02}.Debug|Any CPU.ActiveCfg = Debug|Any CPU
		{6D395A71-2825-4B35-9BD7-B9216B975B02}.Debug|Any CPU.Build.0 = Debug|Any CPU
		{6D395A71-2825-4B35-9BD7-B9216B975B02}.Release|Any CPU.ActiveCfg = Release|Any CPU
		{6D395A71-2825-4B35-9BD7-B9216B975B02}.Release|Any CPU.Build.0 = Release|Any CPU
		{39725F09-CC1A-484B-A7A1-F83596973550}.Debug|Any CPU.ActiveCfg = Debug|Any CPU
		{39725F09-CC1A-484B-A7A1-F83596973550}.Debug|Any CPU.Build.0 = Debug|Any CPU
		{39725F09-CC1A-484B-A7A1-F83596973550}.Release|Any CPU.ActiveCfg = Release|Any CPU
		{39725F09-CC1A-484B-A7A1-F83596973550}.Release|Any CPU.Build.0 = Release|Any CPU
		{5C344A9A-2D21-4352-B993-00D7D1F526B5}.Debug|Any CPU.ActiveCfg = Debug|Any CPU
		{5C344A9A-2D21-4352-B993-00D7D1F526B5}.Debug|Any CPU.Build.0 = Debug|Any CPU
		{5C344A9A-2D21-4352-B993-00D7D1F526B5}.Release|Any CPU.ActiveCfg = Release|Any CPU
		{5C344A9A-2D21-4352-B993-00D7D1F526B5}.Release|Any CPU.Build.0 = Release|Any CPU
		{1F7B6AF9-75C8-4208-AFF7-605289FA38CC}.Debug|Any CPU.ActiveCfg = Debug|Any CPU
		{1F7B6AF9-75C8-4208-AFF7-605289FA38CC}.Debug|Any CPU.Build.0 = Debug|Any CPU
		{1F7B6AF9-75C8-4208-AFF7-605289FA38CC}.Release|Any CPU.ActiveCfg = Release|Any CPU
		{1F7B6AF9-75C8-4208-AFF7-605289FA38CC}.Release|Any CPU.Build.0 = Release|Any CPU
		{A58EB68E-E128-4B24-B3BA-8A8650014FB9}.Debug|Any CPU.ActiveCfg = Debug|Any CPU
		{A58EB68E-E128-4B24-B3BA-8A8650014FB9}.Debug|Any CPU.Build.0 = Debug|Any CPU
		{A58EB68E-E128-4B24-B3BA-8A8650014FB9}.Release|Any CPU.ActiveCfg = Release|Any CPU
		{A58EB68E-E128-4B24-B3BA-8A8650014FB9}.Release|Any CPU.Build.0 = Release|Any CPU
		{5DEB9639-E171-472D-ACB4-21D8BF6ABCEE}.Debug|Any CPU.ActiveCfg = Debug|Any CPU
		{5DEB9639-E171-472D-ACB4-21D8BF6ABCEE}.Debug|Any CPU.Build.0 = Debug|Any CPU
		{5DEB9639-E171-472D-ACB4-21D8BF6ABCEE}.Release|Any CPU.ActiveCfg = Release|Any CPU
		{5DEB9639-E171-472D-ACB4-21D8BF6ABCEE}.Release|Any CPU.Build.0 = Release|Any CPU
		{C446A417-87DE-4C20-AEB0-DCB7E33212B8}.Debug|Any CPU.ActiveCfg = Debug|Any CPU
		{C446A417-87DE-4C20-AEB0-DCB7E33212B8}.Debug|Any CPU.Build.0 = Debug|Any CPU
		{C446A417-87DE-4C20-AEB0-DCB7E33212B8}.Release|Any CPU.ActiveCfg = Release|Any CPU
		{C446A417-87DE-4C20-AEB0-DCB7E33212B8}.Release|Any CPU.Build.0 = Release|Any CPU
		{1C8D456A-8FEA-4428-AE4D-9D8FC68FE407}.Debug|Any CPU.ActiveCfg = Debug|Any CPU
		{1C8D456A-8FEA-4428-AE4D-9D8FC68FE407}.Debug|Any CPU.Build.0 = Debug|Any CPU
		{1C8D456A-8FEA-4428-AE4D-9D8FC68FE407}.Release|Any CPU.ActiveCfg = Release|Any CPU
		{1C8D456A-8FEA-4428-AE4D-9D8FC68FE407}.Release|Any CPU.Build.0 = Release|Any CPU
		{4BEB6090-3CA5-4919-8230-E818DA7A15DE}.Debug|Any CPU.ActiveCfg = Debug|Any CPU
		{4BEB6090-3CA5-4919-8230-E818DA7A15DE}.Debug|Any CPU.Build.0 = Debug|Any CPU
		{4BEB6090-3CA5-4919-8230-E818DA7A15DE}.Release|Any CPU.ActiveCfg = Release|Any CPU
		{4BEB6090-3CA5-4919-8230-E818DA7A15DE}.Release|Any CPU.Build.0 = Release|Any CPU
		{2029F74D-1785-4940-86FB-F986A572A1A4}.Debug|Any CPU.ActiveCfg = Debug|Any CPU
		{2029F74D-1785-4940-86FB-F986A572A1A4}.Debug|Any CPU.Build.0 = Debug|Any CPU
		{2029F74D-1785-4940-86FB-F986A572A1A4}.Release|Any CPU.ActiveCfg = Release|Any CPU
		{2029F74D-1785-4940-86FB-F986A572A1A4}.Release|Any CPU.Build.0 = Release|Any CPU
		{3E929DDC-6167-463E-A388-E8D0B4AD010F}.Debug|Any CPU.ActiveCfg = Debug|Any CPU
		{3E929DDC-6167-463E-A388-E8D0B4AD010F}.Debug|Any CPU.Build.0 = Debug|Any CPU
		{3E929DDC-6167-463E-A388-E8D0B4AD010F}.Release|Any CPU.ActiveCfg = Release|Any CPU
		{3E929DDC-6167-463E-A388-E8D0B4AD010F}.Release|Any CPU.Build.0 = Release|Any CPU
		{C8F19818-C891-4C2C-939A-898618A2FE10}.Debug|Any CPU.ActiveCfg = Debug|Any CPU
		{C8F19818-C891-4C2C-939A-898618A2FE10}.Debug|Any CPU.Build.0 = Debug|Any CPU
		{C8F19818-C891-4C2C-939A-898618A2FE10}.Release|Any CPU.ActiveCfg = Release|Any CPU
		{C8F19818-C891-4C2C-939A-898618A2FE10}.Release|Any CPU.Build.0 = Release|Any CPU
		{A8999374-455F-426D-B1FB-F6BC73290003}.Debug|Any CPU.ActiveCfg = Debug|Any CPU
		{A8999374-455F-426D-B1FB-F6BC73290003}.Debug|Any CPU.Build.0 = Debug|Any CPU
		{A8999374-455F-426D-B1FB-F6BC73290003}.Release|Any CPU.ActiveCfg = Release|Any CPU
		{A8999374-455F-426D-B1FB-F6BC73290003}.Release|Any CPU.Build.0 = Release|Any CPU
		{242BB986-6CB5-49C0-8017-BEE0C5EE5062}.Debug|Any CPU.ActiveCfg = Debug|Any CPU
		{242BB986-6CB5-49C0-8017-BEE0C5EE5062}.Debug|Any CPU.Build.0 = Debug|Any CPU
		{242BB986-6CB5-49C0-8017-BEE0C5EE5062}.Release|Any CPU.ActiveCfg = Release|Any CPU
		{242BB986-6CB5-49C0-8017-BEE0C5EE5062}.Release|Any CPU.Build.0 = Release|Any CPU
		{F11EBAC7-B9E8-4F98-82F2-CA12C3F68B34}.Debug|Any CPU.ActiveCfg = Debug|Any CPU
		{F11EBAC7-B9E8-4F98-82F2-CA12C3F68B34}.Debug|Any CPU.Build.0 = Debug|Any CPU
		{F11EBAC7-B9E8-4F98-82F2-CA12C3F68B34}.Release|Any CPU.ActiveCfg = Release|Any CPU
		{F11EBAC7-B9E8-4F98-82F2-CA12C3F68B34}.Release|Any CPU.Build.0 = Release|Any CPU
		{F261CC6F-F323-475C-AEE1-9BBE57544820}.Debug|Any CPU.ActiveCfg = Debug|Any CPU
		{F261CC6F-F323-475C-AEE1-9BBE57544820}.Debug|Any CPU.Build.0 = Debug|Any CPU
		{F261CC6F-F323-475C-AEE1-9BBE57544820}.Release|Any CPU.ActiveCfg = Release|Any CPU
		{F261CC6F-F323-475C-AEE1-9BBE57544820}.Release|Any CPU.Build.0 = Release|Any CPU
		{D7E558EB-7A8F-4779-9DD5-1854D408354E}.Debug|Any CPU.ActiveCfg = Debug|Any CPU
		{D7E558EB-7A8F-4779-9DD5-1854D408354E}.Debug|Any CPU.Build.0 = Debug|Any CPU
		{D7E558EB-7A8F-4779-9DD5-1854D408354E}.Release|Any CPU.ActiveCfg = Release|Any CPU
		{D7E558EB-7A8F-4779-9DD5-1854D408354E}.Release|Any CPU.Build.0 = Release|Any CPU
		{91A34255-EA21-4FA7-A62D-04BFE5F6111F}.Debug|Any CPU.ActiveCfg = Debug|Any CPU
		{91A34255-EA21-4FA7-A62D-04BFE5F6111F}.Debug|Any CPU.Build.0 = Debug|Any CPU
		{91A34255-EA21-4FA7-A62D-04BFE5F6111F}.Release|Any CPU.ActiveCfg = Release|Any CPU
		{91A34255-EA21-4FA7-A62D-04BFE5F6111F}.Release|Any CPU.Build.0 = Release|Any CPU
		{51C0E83A-EA15-4805-91E7-A9FFB1AF3F65}.Debug|Any CPU.ActiveCfg = Debug|Any CPU
		{51C0E83A-EA15-4805-91E7-A9FFB1AF3F65}.Debug|Any CPU.Build.0 = Debug|Any CPU
		{51C0E83A-EA15-4805-91E7-A9FFB1AF3F65}.Release|Any CPU.ActiveCfg = Release|Any CPU
		{51C0E83A-EA15-4805-91E7-A9FFB1AF3F65}.Release|Any CPU.Build.0 = Release|Any CPU
		{D2535658-77F7-4261-81BE-811B3B7C2945}.Debug|Any CPU.ActiveCfg = Debug|Any CPU
		{D2535658-77F7-4261-81BE-811B3B7C2945}.Debug|Any CPU.Build.0 = Debug|Any CPU
		{D2535658-77F7-4261-81BE-811B3B7C2945}.Release|Any CPU.ActiveCfg = Release|Any CPU
		{D2535658-77F7-4261-81BE-811B3B7C2945}.Release|Any CPU.Build.0 = Release|Any CPU
		{41CA5631-243F-4571-984C-68D37B72C0B0}.Debug|Any CPU.ActiveCfg = Debug|Any CPU
		{41CA5631-243F-4571-984C-68D37B72C0B0}.Debug|Any CPU.Build.0 = Debug|Any CPU
		{41CA5631-243F-4571-984C-68D37B72C0B0}.Release|Any CPU.ActiveCfg = Release|Any CPU
		{41CA5631-243F-4571-984C-68D37B72C0B0}.Release|Any CPU.Build.0 = Release|Any CPU
		{5F3DF56C-1E0D-4DB9-82DF-008530791222}.Debug|Any CPU.ActiveCfg = Debug|Any CPU
		{5F3DF56C-1E0D-4DB9-82DF-008530791222}.Debug|Any CPU.Build.0 = Debug|Any CPU
		{5F3DF56C-1E0D-4DB9-82DF-008530791222}.Release|Any CPU.ActiveCfg = Release|Any CPU
		{5F3DF56C-1E0D-4DB9-82DF-008530791222}.Release|Any CPU.Build.0 = Release|Any CPU
		{14CE33B3-36B1-4D2B-B96C-5EA7DABDD970}.Debug|Any CPU.ActiveCfg = Debug|Any CPU
		{14CE33B3-36B1-4D2B-B96C-5EA7DABDD970}.Debug|Any CPU.Build.0 = Debug|Any CPU
		{14CE33B3-36B1-4D2B-B96C-5EA7DABDD970}.Release|Any CPU.ActiveCfg = Release|Any CPU
		{14CE33B3-36B1-4D2B-B96C-5EA7DABDD970}.Release|Any CPU.Build.0 = Release|Any CPU
		{86F878C3-C0B0-4A27-A4CF-DD21995D05D8}.Debug|Any CPU.ActiveCfg = Debug|Any CPU
		{86F878C3-C0B0-4A27-A4CF-DD21995D05D8}.Debug|Any CPU.Build.0 = Debug|Any CPU
		{86F878C3-C0B0-4A27-A4CF-DD21995D05D8}.Release|Any CPU.ActiveCfg = Release|Any CPU
		{86F878C3-C0B0-4A27-A4CF-DD21995D05D8}.Release|Any CPU.Build.0 = Release|Any CPU
		{CA443C60-3947-40F5-8C18-7B58E39E3640}.Debug|Any CPU.ActiveCfg = Debug|Any CPU
		{CA443C60-3947-40F5-8C18-7B58E39E3640}.Debug|Any CPU.Build.0 = Debug|Any CPU
		{CA443C60-3947-40F5-8C18-7B58E39E3640}.Release|Any CPU.ActiveCfg = Release|Any CPU
		{CA443C60-3947-40F5-8C18-7B58E39E3640}.Release|Any CPU.Build.0 = Release|Any CPU
		{84991CC5-0BDE-42F2-BD74-B385C9ACDE8F}.Debug|Any CPU.ActiveCfg = Debug|Any CPU
		{84991CC5-0BDE-42F2-BD74-B385C9ACDE8F}.Debug|Any CPU.Build.0 = Debug|Any CPU
		{84991CC5-0BDE-42F2-BD74-B385C9ACDE8F}.Release|Any CPU.ActiveCfg = Release|Any CPU
		{84991CC5-0BDE-42F2-BD74-B385C9ACDE8F}.Release|Any CPU.Build.0 = Release|Any CPU
		{1B13C0F4-2148-4B64-A821-D0679EF95F45}.Debug|Any CPU.ActiveCfg = Debug|Any CPU
		{1B13C0F4-2148-4B64-A821-D0679EF95F45}.Debug|Any CPU.Build.0 = Debug|Any CPU
		{1B13C0F4-2148-4B64-A821-D0679EF95F45}.Release|Any CPU.ActiveCfg = Release|Any CPU
		{1B13C0F4-2148-4B64-A821-D0679EF95F45}.Release|Any CPU.Build.0 = Release|Any CPU
		{791F3E24-B7D0-4ADF-8263-0C51DD48FC2C}.Debug|Any CPU.ActiveCfg = Debug|Any CPU
		{791F3E24-B7D0-4ADF-8263-0C51DD48FC2C}.Debug|Any CPU.Build.0 = Debug|Any CPU
		{791F3E24-B7D0-4ADF-8263-0C51DD48FC2C}.Release|Any CPU.ActiveCfg = Release|Any CPU
		{791F3E24-B7D0-4ADF-8263-0C51DD48FC2C}.Release|Any CPU.Build.0 = Release|Any CPU
		{656C6142-9D91-49B0-84B0-DE8CA0255B29}.Debug|Any CPU.ActiveCfg = Debug|Any CPU
		{656C6142-9D91-49B0-84B0-DE8CA0255B29}.Debug|Any CPU.Build.0 = Debug|Any CPU
		{656C6142-9D91-49B0-84B0-DE8CA0255B29}.Release|Any CPU.ActiveCfg = Release|Any CPU
		{656C6142-9D91-49B0-84B0-DE8CA0255B29}.Release|Any CPU.Build.0 = Release|Any CPU
		{6786301A-9C61-4673-B095-AE1142BB6C30}.Debug|Any CPU.ActiveCfg = Debug|Any CPU
		{6786301A-9C61-4673-B095-AE1142BB6C30}.Debug|Any CPU.Build.0 = Debug|Any CPU
		{6786301A-9C61-4673-B095-AE1142BB6C30}.Release|Any CPU.ActiveCfg = Release|Any CPU
		{6786301A-9C61-4673-B095-AE1142BB6C30}.Release|Any CPU.Build.0 = Release|Any CPU
		{C73E369E-414F-4938-A9C9-AC0E0FADA0D5}.Debug|Any CPU.ActiveCfg = Debug|Any CPU
		{C73E369E-414F-4938-A9C9-AC0E0FADA0D5}.Debug|Any CPU.Build.0 = Debug|Any CPU
		{C73E369E-414F-4938-A9C9-AC0E0FADA0D5}.Release|Any CPU.ActiveCfg = Release|Any CPU
		{C73E369E-414F-4938-A9C9-AC0E0FADA0D5}.Release|Any CPU.Build.0 = Release|Any CPU
		{7B0B4E27-6273-4248-BF0A-AA0DA0EE89CE}.Debug|Any CPU.ActiveCfg = Debug|Any CPU
		{7B0B4E27-6273-4248-BF0A-AA0DA0EE89CE}.Debug|Any CPU.Build.0 = Debug|Any CPU
		{7B0B4E27-6273-4248-BF0A-AA0DA0EE89CE}.Release|Any CPU.ActiveCfg = Release|Any CPU
		{7B0B4E27-6273-4248-BF0A-AA0DA0EE89CE}.Release|Any CPU.Build.0 = Release|Any CPU
		{5534211F-257D-4D7C-B925-1DC4B65EE892}.Debug|Any CPU.ActiveCfg = Debug|Any CPU
		{5534211F-257D-4D7C-B925-1DC4B65EE892}.Debug|Any CPU.Build.0 = Debug|Any CPU
		{5534211F-257D-4D7C-B925-1DC4B65EE892}.Release|Any CPU.ActiveCfg = Release|Any CPU
		{5534211F-257D-4D7C-B925-1DC4B65EE892}.Release|Any CPU.Build.0 = Release|Any CPU
		{8AB84209-34CD-4C84-A8B0-74B4CF93D06A}.Debug|Any CPU.ActiveCfg = Debug|Any CPU
		{8AB84209-34CD-4C84-A8B0-74B4CF93D06A}.Debug|Any CPU.Build.0 = Debug|Any CPU
		{8AB84209-34CD-4C84-A8B0-74B4CF93D06A}.Release|Any CPU.ActiveCfg = Release|Any CPU
		{8AB84209-34CD-4C84-A8B0-74B4CF93D06A}.Release|Any CPU.Build.0 = Release|Any CPU
		{62E945AB-CBFC-490C-9F5C-9346645AD90C}.Debug|Any CPU.ActiveCfg = Debug|Any CPU
		{62E945AB-CBFC-490C-9F5C-9346645AD90C}.Debug|Any CPU.Build.0 = Debug|Any CPU
		{62E945AB-CBFC-490C-9F5C-9346645AD90C}.Release|Any CPU.ActiveCfg = Release|Any CPU
		{62E945AB-CBFC-490C-9F5C-9346645AD90C}.Release|Any CPU.Build.0 = Release|Any CPU
		{40BA4986-567F-45AF-BD4E-3B9473FBB309}.Debug|Any CPU.ActiveCfg = Debug|Any CPU
		{40BA4986-567F-45AF-BD4E-3B9473FBB309}.Debug|Any CPU.Build.0 = Debug|Any CPU
		{40BA4986-567F-45AF-BD4E-3B9473FBB309}.Release|Any CPU.ActiveCfg = Release|Any CPU
		{40BA4986-567F-45AF-BD4E-3B9473FBB309}.Release|Any CPU.Build.0 = Release|Any CPU
		{21923250-BD75-4837-B332-EDF38B1710AD}.Debug|Any CPU.ActiveCfg = Debug|Any CPU
		{21923250-BD75-4837-B332-EDF38B1710AD}.Debug|Any CPU.Build.0 = Debug|Any CPU
		{21923250-BD75-4837-B332-EDF38B1710AD}.Release|Any CPU.ActiveCfg = Release|Any CPU
		{21923250-BD75-4837-B332-EDF38B1710AD}.Release|Any CPU.Build.0 = Release|Any CPU
		{1D57DFB0-8EC1-4645-A7BB-CE8D7E1F16C9}.Debug|Any CPU.ActiveCfg = Debug|Any CPU
		{1D57DFB0-8EC1-4645-A7BB-CE8D7E1F16C9}.Debug|Any CPU.Build.0 = Debug|Any CPU
		{1D57DFB0-8EC1-4645-A7BB-CE8D7E1F16C9}.Release|Any CPU.ActiveCfg = Release|Any CPU
		{1D57DFB0-8EC1-4645-A7BB-CE8D7E1F16C9}.Release|Any CPU.Build.0 = Release|Any CPU
		{56C2441D-FC56-42E9-9FDE-AB2112FD11E1}.Debug|Any CPU.ActiveCfg = Debug|Any CPU
		{56C2441D-FC56-42E9-9FDE-AB2112FD11E1}.Debug|Any CPU.Build.0 = Debug|Any CPU
		{56C2441D-FC56-42E9-9FDE-AB2112FD11E1}.Release|Any CPU.ActiveCfg = Release|Any CPU
		{56C2441D-FC56-42E9-9FDE-AB2112FD11E1}.Release|Any CPU.Build.0 = Release|Any CPU
		{AFB320F0-7802-489D-8CD4-F43D9CDAB2A0}.Debug|Any CPU.ActiveCfg = Debug|Any CPU
		{AFB320F0-7802-489D-8CD4-F43D9CDAB2A0}.Debug|Any CPU.Build.0 = Debug|Any CPU
		{AFB320F0-7802-489D-8CD4-F43D9CDAB2A0}.Release|Any CPU.ActiveCfg = Release|Any CPU
		{AFB320F0-7802-489D-8CD4-F43D9CDAB2A0}.Release|Any CPU.Build.0 = Release|Any CPU
		{6572714B-3E4F-4080-95F7-9F2F0EC3C60C}.Debug|Any CPU.ActiveCfg = Debug|Any CPU
		{6572714B-3E4F-4080-95F7-9F2F0EC3C60C}.Debug|Any CPU.Build.0 = Debug|Any CPU
		{6572714B-3E4F-4080-95F7-9F2F0EC3C60C}.Release|Any CPU.ActiveCfg = Release|Any CPU
		{6572714B-3E4F-4080-95F7-9F2F0EC3C60C}.Release|Any CPU.Build.0 = Release|Any CPU
	EndGlobalSection
	GlobalSection(SolutionProperties) = preSolution
		HideSolutionNode = FALSE
	EndGlobalSection
	GlobalSection(ExtensibilityGlobals) = postSolution
		SolutionGuid = {97A63DEA-97E7-4E65-B9A0-E99DCC79D737}
	EndGlobalSection
EndGlobal
