
Microsoft Visual Studio Solution File, Format Version 12.00
# Visual Studio Version 17
VisualStudioVersion = 17.2.32630.192
MinimumVisualStudioVersion = 10.0.40219.1
Project("{9A19103F-16F7-4668-BE54-9A1E7A4F7556}") = "R5T.O0008.Construction", "R5T.O0008.Construction\R5T.O0008.Construction.csproj", "{04084ED2-609D-4F23-965C-61DF551595F0}"
EndProject
Project("{9A19103F-16F7-4668-BE54-9A1E7A4F7556}") = "R5T.O0008", "R5T.O0008\R5T.O0008.csproj", "{8F16DCFE-340D-4ED8-B94F-1D4558724EFD}"
EndProject
Project("{2150E333-8FDC-42A3-9474-1A3956D46DE8}") = "_Dependencies", "_Dependencies", "{B12DBBA9-2A3F-4136-B2B8-92CBB64B429E}"
EndProject
Project("{9A19103F-16F7-4668-BE54-9A1E7A4F7556}") = "R5T.F0000", "..\..\R5T.F0000\source\R5T.F0000\R5T.F0000.csproj", "{B959A98E-D6D9-49E3-BA02-BF64D3BD76FA}"
EndProject
Project("{9A19103F-16F7-4668-BE54-9A1E7A4F7556}") = "R5T.F0002", "..\..\R5T.F0002\source\R5T.F0002\R5T.F0002.csproj", "{C506FC13-4EB9-4A30-A461-EC06EEE7396D}"
EndProject
Project("{9A19103F-16F7-4668-BE54-9A1E7A4F7556}") = "R5T.F0120", "..\..\R5T.F0120\source\R5T.F0120\R5T.F0120.csproj", "{675B79E5-1E34-467C-9A3F-53B7F6BDE84F}"
EndProject
Project("{9A19103F-16F7-4668-BE54-9A1E7A4F7556}") = "R5T.F0124", "..\..\R5T.F0124\source\R5T.F0124\R5T.F0124.csproj", "{3ADACB59-7476-4F2E-A1C2-1F6516D8A986}"
EndProject
Project("{9A19103F-16F7-4668-BE54-9A1E7A4F7556}") = "R5T.F0125", "..\..\R5T.F0125\source\R5T.F0125\R5T.F0125.csproj", "{0F4F6A1B-5C32-480F-9253-5341860A0C25}"
EndProject
Project("{9A19103F-16F7-4668-BE54-9A1E7A4F7556}") = "R5T.F0131", "..\..\R5T.F0131\source\R5T.F0131\R5T.F0131.csproj", "{B6EC2EC4-0AEC-4A94-8BDF-BFA162BD7E68}"
EndProject
Project("{9A19103F-16F7-4668-BE54-9A1E7A4F7556}") = "R5T.L0030.T000", "..\..\R5T.L0030\source\R5T.L0030.T000\R5T.L0030.T000.csproj", "{92D26DCA-A7F7-4788-812C-FC42E425199B}"
EndProject
Project("{9A19103F-16F7-4668-BE54-9A1E7A4F7556}") = "R5T.L0030", "..\..\R5T.L0030\source\R5T.L0030\R5T.L0030.csproj", "{CC82C293-A814-4B31-BE8B-13AB28E7B508}"
EndProject
Project("{9A19103F-16F7-4668-BE54-9A1E7A4F7556}") = "R5T.L0034", "..\..\R5T.L0034\source\R5T.L0034\R5T.L0034.csproj", "{AF19CE3A-56CE-4815-876D-36A9E9447AC5}"
EndProject
Project("{9A19103F-16F7-4668-BE54-9A1E7A4F7556}") = "R5T.L0035", "..\..\R5T.L0035\source\R5T.L0035\R5T.L0035.csproj", "{E6A08FB2-B9C2-4715-9164-791ADEB10268}"
EndProject
Project("{9A19103F-16F7-4668-BE54-9A1E7A4F7556}") = "R5T.O0003", "..\..\R5T.O0003\source\R5T.O0003\R5T.O0003.csproj", "{0BA3676D-8F84-407C-8D78-D4CCD3472228}"
EndProject
Project("{9A19103F-16F7-4668-BE54-9A1E7A4F7556}") = "R5T.T0131", "..\..\R5T.T0131\source\R5T.T0131\R5T.T0131.csproj", "{8579B575-F6CE-4040-86D2-F2241765515B}"
EndProject
Project("{9A19103F-16F7-4668-BE54-9A1E7A4F7556}") = "R5T.T0132", "..\..\R5T.T0132\source\R5T.T0132\R5T.T0132.csproj", "{E63082F2-3085-4149-A718-A73998BD907C}"
EndProject
Project("{9A19103F-16F7-4668-BE54-9A1E7A4F7556}") = "R5T.T0142", "..\..\R5T.T0142\source\R5T.T0142\R5T.T0142.csproj", "{A43F6FC4-A8DA-4FE1-9F8E-C022693287E7}"
EndProject
Project("{9A19103F-16F7-4668-BE54-9A1E7A4F7556}") = "R5T.T0143", "..\..\R5T.T0143\source\R5T.T0143\R5T.T0143.csproj", "{72581955-26F2-4EF2-A785-5FDD653711EC}"
EndProject
Project("{9A19103F-16F7-4668-BE54-9A1E7A4F7556}") = "R5T.T0150", "..\..\R5T.T0150\source\R5T.T0150\R5T.T0150.csproj", "{53EDFEF0-9E65-4186-A7EB-956519CFD801}"
EndProject
Project("{9A19103F-16F7-4668-BE54-9A1E7A4F7556}") = "R5T.T0151", "..\..\R5T.T0151\source\R5T.T0151\R5T.T0151.csproj", "{006470F3-4D71-4034-B352-FAA7343E2A3C}"
EndProject
Project("{9A19103F-16F7-4668-BE54-9A1E7A4F7556}") = "R5T.T0156", "..\..\R5T.T0156\source\R5T.T0156\R5T.T0156.csproj", "{80333D2A-0988-4EE0-8573-6B7ED81D42E1}"
EndProject
Project("{9A19103F-16F7-4668-BE54-9A1E7A4F7556}") = "R5T.T0161", "..\..\R5T.T0161\source\R5T.T0161\R5T.T0161.csproj", "{B26D6B95-3086-4E98-9B54-3B54FE7C9934}"
EndProject
Project("{9A19103F-16F7-4668-BE54-9A1E7A4F7556}") = "R5T.T0172", "..\..\R5T.T0172\source\R5T.T0172\R5T.T0172.csproj", "{E51FC2C5-35BC-45A0-A371-D46C6F7C4448}"
EndProject
Project("{9A19103F-16F7-4668-BE54-9A1E7A4F7556}") = "R5T.T0174", "..\..\R5T.T0174\source\R5T.T0174\R5T.T0174.csproj", "{3A5A8900-B3F3-47A9-9364-22A889CA237B}"
EndProject
Project("{9A19103F-16F7-4668-BE54-9A1E7A4F7556}") = "R5T.T0176", "..\..\R5T.T0176\source\R5T.T0176\R5T.T0176.csproj", "{25234A88-CE8A-4EA3-B32D-35CFDF208659}"
EndProject
Project("{9A19103F-16F7-4668-BE54-9A1E7A4F7556}") = "R5T.T0177", "..\..\R5T.T0177\source\R5T.T0177\R5T.T0177.csproj", "{C1DEE1D6-69F0-44BD-B055-4294E931D543}"
EndProject
Project("{9A19103F-16F7-4668-BE54-9A1E7A4F7556}") = "R5T.T0178", "..\..\R5T.T0178\source\R5T.T0178\R5T.T0178.csproj", "{2E8C072F-2CCC-41B0-85FB-33AF2EA2BD60}"
EndProject
Project("{9A19103F-16F7-4668-BE54-9A1E7A4F7556}") = "R5T.T0179", "..\..\R5T.T0179\source\R5T.T0179\R5T.T0179.csproj", "{02886181-BC12-420A-9FF5-E4CD2926FFE8}"
EndProject
Project("{9A19103F-16F7-4668-BE54-9A1E7A4F7556}") = "R5T.T0180", "..\..\R5T.T0180\source\R5T.T0180\R5T.T0180.csproj", "{5D858389-440A-4FD5-A8A3-CFB5BB1DC386}"
EndProject
Project("{9A19103F-16F7-4668-BE54-9A1E7A4F7556}") = "R5T.T0181", "..\..\R5T.T0181\source\R5T.T0181\R5T.T0181.csproj", "{8ECACE75-4B78-4D5E-9887-E7BA4E6F7E19}"
EndProject
Project("{9A19103F-16F7-4668-BE54-9A1E7A4F7556}") = "R5T.T0185", "..\..\R5T.T0185\source\R5T.T0185\R5T.T0185.csproj", "{37A54CB4-345E-4676-B950-A54E12E220E9}"
EndProject
Project("{9A19103F-16F7-4668-BE54-9A1E7A4F7556}") = "R5T.T0193", "..\..\R5T.T0193\source\R5T.T0193\R5T.T0193.csproj", "{B6DC8BFE-F60D-4BE4-9AE3-1C2117CB642D}"
EndProject
Project("{9A19103F-16F7-4668-BE54-9A1E7A4F7556}") = "R5T.T0203", "..\..\R5T.T0203\source\R5T.T0203\R5T.T0203.csproj", "{96FEDF5D-FA93-4E65-AFFD-3A661C61C458}"
EndProject
Project("{9A19103F-16F7-4668-BE54-9A1E7A4F7556}") = "R5T.Y0000", "..\..\R5T.Y0000\source\R5T.Y0000\R5T.Y0000.csproj", "{0683B593-7800-41DB-81E8-DF18E9A6B0E1}"
EndProject
Project("{9A19103F-16F7-4668-BE54-9A1E7A4F7556}") = "R5T.Z0000", "..\..\R5T.Z0000\source\R5T.Z0000\R5T.Z0000.csproj", "{C32A5430-23A8-4CC8-B943-EF9C4B6BCDF6}"
EndProject
Project("{9A19103F-16F7-4668-BE54-9A1E7A4F7556}") = "R5T.O0004", "..\..\R5T.O0004\source\R5T.O0004\R5T.O0004.csproj", "{8AEB1E10-0636-468A-9996-67A6C348F9C5}"
EndProject
Project("{9A19103F-16F7-4668-BE54-9A1E7A4F7556}") = "R5T.F0053", "..\..\R5T.F0053\source\R5T.F0053\R5T.F0053.csproj", "{0451F64D-0F67-4B70-86BB-28B555091C9B}"
EndProject
Project("{9A19103F-16F7-4668-BE54-9A1E7A4F7556}") = "R5T.F0054", "..\..\R5T.F0054\source\R5T.F0054\R5T.F0054.csproj", "{6EDF0307-EF61-48C8-88CD-DC815E2D1319}"
EndProject
Project("{9A19103F-16F7-4668-BE54-9A1E7A4F7556}") = "R5T.F0078", "..\..\R5T.F0078\source\R5T.F0078\R5T.F0078.csproj", "{B18C81C7-99D0-4576-837E-14E53AD3CFF9}"
EndProject
Project("{9A19103F-16F7-4668-BE54-9A1E7A4F7556}") = "R5T.F0079", "..\..\R5T.F0079\source\R5T.F0079\R5T.F0079.csproj", "{AE25286B-4F4D-40E2-90F6-7C2EC9DB3603}"
EndProject
Project("{9A19103F-16F7-4668-BE54-9A1E7A4F7556}") = "R5T.F0083.R001", "..\..\R5T.F0083\source\R5T.F0083.R001\R5T.F0083.R001.csproj", "{18A58E4F-D6F7-46FC-A403-B335F3B22F64}"
EndProject
Project("{9A19103F-16F7-4668-BE54-9A1E7A4F7556}") = "R5T.F0083", "..\..\R5T.F0083\source\R5T.F0083\R5T.F0083.csproj", "{7C64ED69-54BD-42C8-82A3-7ADCC20AC2B9}"
EndProject
Project("{9A19103F-16F7-4668-BE54-9A1E7A4F7556}") = "R5T.F0086", "..\..\R5T.F0086\source\R5T.F0086\R5T.F0086.csproj", "{24E7BC6C-6266-47C2-B6DE-CD57A02C8C1C}"
EndProject
Project("{9A19103F-16F7-4668-BE54-9A1E7A4F7556}") = "R5T.NG0009", "..\..\R5T.NG0009\source\R5T.NG0009\R5T.NG0009.csproj", "{94380CF0-9385-4BF5-9F3D-0ECA60AB93D9}"
EndProject
Project("{9A19103F-16F7-4668-BE54-9A1E7A4F7556}") = "R5T.NG0014", "..\..\R5T.NG0014\source\R5T.NG0014\R5T.NG0014.csproj", "{E50BED7A-C2FC-4058-B755-92B5FFFBF895}"
EndProject
Project("{9A19103F-16F7-4668-BE54-9A1E7A4F7556}") = "R5T.T0154", "..\..\R5T.T0154\source\R5T.T0154\R5T.T0154.csproj", "{CF6DC932-A985-47C0-908C-0C018D8EE520}"
EndProject
Global
	GlobalSection(NestedProjects) = preSolution
		{B959A98E-D6D9-49E3-BA02-BF64D3BD76FA} = {B12DBBA9-2A3F-4136-B2B8-92CBB64B429E}
		{C506FC13-4EB9-4A30-A461-EC06EEE7396D} = {B12DBBA9-2A3F-4136-B2B8-92CBB64B429E}
		{675B79E5-1E34-467C-9A3F-53B7F6BDE84F} = {B12DBBA9-2A3F-4136-B2B8-92CBB64B429E}
		{3ADACB59-7476-4F2E-A1C2-1F6516D8A986} = {B12DBBA9-2A3F-4136-B2B8-92CBB64B429E}
		{0F4F6A1B-5C32-480F-9253-5341860A0C25} = {B12DBBA9-2A3F-4136-B2B8-92CBB64B429E}
		{B6EC2EC4-0AEC-4A94-8BDF-BFA162BD7E68} = {B12DBBA9-2A3F-4136-B2B8-92CBB64B429E}
		{92D26DCA-A7F7-4788-812C-FC42E425199B} = {B12DBBA9-2A3F-4136-B2B8-92CBB64B429E}
		{CC82C293-A814-4B31-BE8B-13AB28E7B508} = {B12DBBA9-2A3F-4136-B2B8-92CBB64B429E}
		{AF19CE3A-56CE-4815-876D-36A9E9447AC5} = {B12DBBA9-2A3F-4136-B2B8-92CBB64B429E}
		{E6A08FB2-B9C2-4715-9164-791ADEB10268} = {B12DBBA9-2A3F-4136-B2B8-92CBB64B429E}
		{0BA3676D-8F84-407C-8D78-D4CCD3472228} = {B12DBBA9-2A3F-4136-B2B8-92CBB64B429E}
		{8579B575-F6CE-4040-86D2-F2241765515B} = {B12DBBA9-2A3F-4136-B2B8-92CBB64B429E}
		{E63082F2-3085-4149-A718-A73998BD907C} = {B12DBBA9-2A3F-4136-B2B8-92CBB64B429E}
		{A43F6FC4-A8DA-4FE1-9F8E-C022693287E7} = {B12DBBA9-2A3F-4136-B2B8-92CBB64B429E}
		{72581955-26F2-4EF2-A785-5FDD653711EC} = {B12DBBA9-2A3F-4136-B2B8-92CBB64B429E}
		{53EDFEF0-9E65-4186-A7EB-956519CFD801} = {B12DBBA9-2A3F-4136-B2B8-92CBB64B429E}
		{006470F3-4D71-4034-B352-FAA7343E2A3C} = {B12DBBA9-2A3F-4136-B2B8-92CBB64B429E}
		{80333D2A-0988-4EE0-8573-6B7ED81D42E1} = {B12DBBA9-2A3F-4136-B2B8-92CBB64B429E}
		{B26D6B95-3086-4E98-9B54-3B54FE7C9934} = {B12DBBA9-2A3F-4136-B2B8-92CBB64B429E}
		{E51FC2C5-35BC-45A0-A371-D46C6F7C4448} = {B12DBBA9-2A3F-4136-B2B8-92CBB64B429E}
		{3A5A8900-B3F3-47A9-9364-22A889CA237B} = {B12DBBA9-2A3F-4136-B2B8-92CBB64B429E}
		{25234A88-CE8A-4EA3-B32D-35CFDF208659} = {B12DBBA9-2A3F-4136-B2B8-92CBB64B429E}
		{C1DEE1D6-69F0-44BD-B055-4294E931D543} = {B12DBBA9-2A3F-4136-B2B8-92CBB64B429E}
		{2E8C072F-2CCC-41B0-85FB-33AF2EA2BD60} = {B12DBBA9-2A3F-4136-B2B8-92CBB64B429E}
		{02886181-BC12-420A-9FF5-E4CD2926FFE8} = {B12DBBA9-2A3F-4136-B2B8-92CBB64B429E}
		{5D858389-440A-4FD5-A8A3-CFB5BB1DC386} = {B12DBBA9-2A3F-4136-B2B8-92CBB64B429E}
		{8ECACE75-4B78-4D5E-9887-E7BA4E6F7E19} = {B12DBBA9-2A3F-4136-B2B8-92CBB64B429E}
		{37A54CB4-345E-4676-B950-A54E12E220E9} = {B12DBBA9-2A3F-4136-B2B8-92CBB64B429E}
		{B6DC8BFE-F60D-4BE4-9AE3-1C2117CB642D} = {B12DBBA9-2A3F-4136-B2B8-92CBB64B429E}
		{96FEDF5D-FA93-4E65-AFFD-3A661C61C458} = {B12DBBA9-2A3F-4136-B2B8-92CBB64B429E}
		{0683B593-7800-41DB-81E8-DF18E9A6B0E1} = {B12DBBA9-2A3F-4136-B2B8-92CBB64B429E}
		{C32A5430-23A8-4CC8-B943-EF9C4B6BCDF6} = {B12DBBA9-2A3F-4136-B2B8-92CBB64B429E}
		{8AEB1E10-0636-468A-9996-67A6C348F9C5} = {B12DBBA9-2A3F-4136-B2B8-92CBB64B429E}
		{0451F64D-0F67-4B70-86BB-28B555091C9B} = {B12DBBA9-2A3F-4136-B2B8-92CBB64B429E}
		{6EDF0307-EF61-48C8-88CD-DC815E2D1319} = {B12DBBA9-2A3F-4136-B2B8-92CBB64B429E}
		{B18C81C7-99D0-4576-837E-14E53AD3CFF9} = {B12DBBA9-2A3F-4136-B2B8-92CBB64B429E}
		{AE25286B-4F4D-40E2-90F6-7C2EC9DB3603} = {B12DBBA9-2A3F-4136-B2B8-92CBB64B429E}
		{18A58E4F-D6F7-46FC-A403-B335F3B22F64} = {B12DBBA9-2A3F-4136-B2B8-92CBB64B429E}
		{7C64ED69-54BD-42C8-82A3-7ADCC20AC2B9} = {B12DBBA9-2A3F-4136-B2B8-92CBB64B429E}
		{24E7BC6C-6266-47C2-B6DE-CD57A02C8C1C} = {B12DBBA9-2A3F-4136-B2B8-92CBB64B429E}
		{94380CF0-9385-4BF5-9F3D-0ECA60AB93D9} = {B12DBBA9-2A3F-4136-B2B8-92CBB64B429E}
		{E50BED7A-C2FC-4058-B755-92B5FFFBF895} = {B12DBBA9-2A3F-4136-B2B8-92CBB64B429E}
		{CF6DC932-A985-47C0-908C-0C018D8EE520} = {B12DBBA9-2A3F-4136-B2B8-92CBB64B429E}
	EndGlobalSection
	GlobalSection(SolutionConfigurationPlatforms) = preSolution
		Debug|Any CPU = Debug|Any CPU
		Release|Any CPU = Release|Any CPU
	EndGlobalSection
	GlobalSection(ProjectConfigurationPlatforms) = postSolution
		{04084ED2-609D-4F23-965C-61DF551595F0}.Debug|Any CPU.ActiveCfg = Debug|Any CPU
		{04084ED2-609D-4F23-965C-61DF551595F0}.Debug|Any CPU.Build.0 = Debug|Any CPU
		{04084ED2-609D-4F23-965C-61DF551595F0}.Release|Any CPU.ActiveCfg = Release|Any CPU
		{04084ED2-609D-4F23-965C-61DF551595F0}.Release|Any CPU.Build.0 = Release|Any CPU
		{8F16DCFE-340D-4ED8-B94F-1D4558724EFD}.Debug|Any CPU.ActiveCfg = Debug|Any CPU
		{8F16DCFE-340D-4ED8-B94F-1D4558724EFD}.Debug|Any CPU.Build.0 = Debug|Any CPU
		{8F16DCFE-340D-4ED8-B94F-1D4558724EFD}.Release|Any CPU.ActiveCfg = Release|Any CPU
		{8F16DCFE-340D-4ED8-B94F-1D4558724EFD}.Release|Any CPU.Build.0 = Release|Any CPU
		{B959A98E-D6D9-49E3-BA02-BF64D3BD76FA}.Debug|Any CPU.ActiveCfg = Debug|Any CPU
		{B959A98E-D6D9-49E3-BA02-BF64D3BD76FA}.Debug|Any CPU.Build.0 = Debug|Any CPU
		{B959A98E-D6D9-49E3-BA02-BF64D3BD76FA}.Release|Any CPU.ActiveCfg = Release|Any CPU
		{B959A98E-D6D9-49E3-BA02-BF64D3BD76FA}.Release|Any CPU.Build.0 = Release|Any CPU
		{C506FC13-4EB9-4A30-A461-EC06EEE7396D}.Debug|Any CPU.ActiveCfg = Debug|Any CPU
		{C506FC13-4EB9-4A30-A461-EC06EEE7396D}.Debug|Any CPU.Build.0 = Debug|Any CPU
		{C506FC13-4EB9-4A30-A461-EC06EEE7396D}.Release|Any CPU.ActiveCfg = Release|Any CPU
		{C506FC13-4EB9-4A30-A461-EC06EEE7396D}.Release|Any CPU.Build.0 = Release|Any CPU
		{675B79E5-1E34-467C-9A3F-53B7F6BDE84F}.Debug|Any CPU.ActiveCfg = Debug|Any CPU
		{675B79E5-1E34-467C-9A3F-53B7F6BDE84F}.Debug|Any CPU.Build.0 = Debug|Any CPU
		{675B79E5-1E34-467C-9A3F-53B7F6BDE84F}.Release|Any CPU.ActiveCfg = Release|Any CPU
		{675B79E5-1E34-467C-9A3F-53B7F6BDE84F}.Release|Any CPU.Build.0 = Release|Any CPU
		{3ADACB59-7476-4F2E-A1C2-1F6516D8A986}.Debug|Any CPU.ActiveCfg = Debug|Any CPU
		{3ADACB59-7476-4F2E-A1C2-1F6516D8A986}.Debug|Any CPU.Build.0 = Debug|Any CPU
		{3ADACB59-7476-4F2E-A1C2-1F6516D8A986}.Release|Any CPU.ActiveCfg = Release|Any CPU
		{3ADACB59-7476-4F2E-A1C2-1F6516D8A986}.Release|Any CPU.Build.0 = Release|Any CPU
		{0F4F6A1B-5C32-480F-9253-5341860A0C25}.Debug|Any CPU.ActiveCfg = Debug|Any CPU
		{0F4F6A1B-5C32-480F-9253-5341860A0C25}.Debug|Any CPU.Build.0 = Debug|Any CPU
		{0F4F6A1B-5C32-480F-9253-5341860A0C25}.Release|Any CPU.ActiveCfg = Release|Any CPU
		{0F4F6A1B-5C32-480F-9253-5341860A0C25}.Release|Any CPU.Build.0 = Release|Any CPU
		{B6EC2EC4-0AEC-4A94-8BDF-BFA162BD7E68}.Debug|Any CPU.ActiveCfg = Debug|Any CPU
		{B6EC2EC4-0AEC-4A94-8BDF-BFA162BD7E68}.Debug|Any CPU.Build.0 = Debug|Any CPU
		{B6EC2EC4-0AEC-4A94-8BDF-BFA162BD7E68}.Release|Any CPU.ActiveCfg = Release|Any CPU
		{B6EC2EC4-0AEC-4A94-8BDF-BFA162BD7E68}.Release|Any CPU.Build.0 = Release|Any CPU
		{92D26DCA-A7F7-4788-812C-FC42E425199B}.Debug|Any CPU.ActiveCfg = Debug|Any CPU
		{92D26DCA-A7F7-4788-812C-FC42E425199B}.Debug|Any CPU.Build.0 = Debug|Any CPU
		{92D26DCA-A7F7-4788-812C-FC42E425199B}.Release|Any CPU.ActiveCfg = Release|Any CPU
		{92D26DCA-A7F7-4788-812C-FC42E425199B}.Release|Any CPU.Build.0 = Release|Any CPU
		{CC82C293-A814-4B31-BE8B-13AB28E7B508}.Debug|Any CPU.ActiveCfg = Debug|Any CPU
		{CC82C293-A814-4B31-BE8B-13AB28E7B508}.Debug|Any CPU.Build.0 = Debug|Any CPU
		{CC82C293-A814-4B31-BE8B-13AB28E7B508}.Release|Any CPU.ActiveCfg = Release|Any CPU
		{CC82C293-A814-4B31-BE8B-13AB28E7B508}.Release|Any CPU.Build.0 = Release|Any CPU
		{AF19CE3A-56CE-4815-876D-36A9E9447AC5}.Debug|Any CPU.ActiveCfg = Debug|Any CPU
		{AF19CE3A-56CE-4815-876D-36A9E9447AC5}.Debug|Any CPU.Build.0 = Debug|Any CPU
		{AF19CE3A-56CE-4815-876D-36A9E9447AC5}.Release|Any CPU.ActiveCfg = Release|Any CPU
		{AF19CE3A-56CE-4815-876D-36A9E9447AC5}.Release|Any CPU.Build.0 = Release|Any CPU
		{E6A08FB2-B9C2-4715-9164-791ADEB10268}.Debug|Any CPU.ActiveCfg = Debug|Any CPU
		{E6A08FB2-B9C2-4715-9164-791ADEB10268}.Debug|Any CPU.Build.0 = Debug|Any CPU
		{E6A08FB2-B9C2-4715-9164-791ADEB10268}.Release|Any CPU.ActiveCfg = Release|Any CPU
		{E6A08FB2-B9C2-4715-9164-791ADEB10268}.Release|Any CPU.Build.0 = Release|Any CPU
		{0BA3676D-8F84-407C-8D78-D4CCD3472228}.Debug|Any CPU.ActiveCfg = Debug|Any CPU
		{0BA3676D-8F84-407C-8D78-D4CCD3472228}.Debug|Any CPU.Build.0 = Debug|Any CPU
		{0BA3676D-8F84-407C-8D78-D4CCD3472228}.Release|Any CPU.ActiveCfg = Release|Any CPU
		{0BA3676D-8F84-407C-8D78-D4CCD3472228}.Release|Any CPU.Build.0 = Release|Any CPU
		{8579B575-F6CE-4040-86D2-F2241765515B}.Debug|Any CPU.ActiveCfg = Debug|Any CPU
		{8579B575-F6CE-4040-86D2-F2241765515B}.Debug|Any CPU.Build.0 = Debug|Any CPU
		{8579B575-F6CE-4040-86D2-F2241765515B}.Release|Any CPU.ActiveCfg = Release|Any CPU
		{8579B575-F6CE-4040-86D2-F2241765515B}.Release|Any CPU.Build.0 = Release|Any CPU
		{E63082F2-3085-4149-A718-A73998BD907C}.Debug|Any CPU.ActiveCfg = Debug|Any CPU
		{E63082F2-3085-4149-A718-A73998BD907C}.Debug|Any CPU.Build.0 = Debug|Any CPU
		{E63082F2-3085-4149-A718-A73998BD907C}.Release|Any CPU.ActiveCfg = Release|Any CPU
		{E63082F2-3085-4149-A718-A73998BD907C}.Release|Any CPU.Build.0 = Release|Any CPU
		{A43F6FC4-A8DA-4FE1-9F8E-C022693287E7}.Debug|Any CPU.ActiveCfg = Debug|Any CPU
		{A43F6FC4-A8DA-4FE1-9F8E-C022693287E7}.Debug|Any CPU.Build.0 = Debug|Any CPU
		{A43F6FC4-A8DA-4FE1-9F8E-C022693287E7}.Release|Any CPU.ActiveCfg = Release|Any CPU
		{A43F6FC4-A8DA-4FE1-9F8E-C022693287E7}.Release|Any CPU.Build.0 = Release|Any CPU
		{72581955-26F2-4EF2-A785-5FDD653711EC}.Debug|Any CPU.ActiveCfg = Debug|Any CPU
		{72581955-26F2-4EF2-A785-5FDD653711EC}.Debug|Any CPU.Build.0 = Debug|Any CPU
		{72581955-26F2-4EF2-A785-5FDD653711EC}.Release|Any CPU.ActiveCfg = Release|Any CPU
		{72581955-26F2-4EF2-A785-5FDD653711EC}.Release|Any CPU.Build.0 = Release|Any CPU
		{53EDFEF0-9E65-4186-A7EB-956519CFD801}.Debug|Any CPU.ActiveCfg = Debug|Any CPU
		{53EDFEF0-9E65-4186-A7EB-956519CFD801}.Debug|Any CPU.Build.0 = Debug|Any CPU
		{53EDFEF0-9E65-4186-A7EB-956519CFD801}.Release|Any CPU.ActiveCfg = Release|Any CPU
		{53EDFEF0-9E65-4186-A7EB-956519CFD801}.Release|Any CPU.Build.0 = Release|Any CPU
		{006470F3-4D71-4034-B352-FAA7343E2A3C}.Debug|Any CPU.ActiveCfg = Debug|Any CPU
		{006470F3-4D71-4034-B352-FAA7343E2A3C}.Debug|Any CPU.Build.0 = Debug|Any CPU
		{006470F3-4D71-4034-B352-FAA7343E2A3C}.Release|Any CPU.ActiveCfg = Release|Any CPU
		{006470F3-4D71-4034-B352-FAA7343E2A3C}.Release|Any CPU.Build.0 = Release|Any CPU
		{80333D2A-0988-4EE0-8573-6B7ED81D42E1}.Debug|Any CPU.ActiveCfg = Debug|Any CPU
		{80333D2A-0988-4EE0-8573-6B7ED81D42E1}.Debug|Any CPU.Build.0 = Debug|Any CPU
		{80333D2A-0988-4EE0-8573-6B7ED81D42E1}.Release|Any CPU.ActiveCfg = Release|Any CPU
		{80333D2A-0988-4EE0-8573-6B7ED81D42E1}.Release|Any CPU.Build.0 = Release|Any CPU
		{B26D6B95-3086-4E98-9B54-3B54FE7C9934}.Debug|Any CPU.ActiveCfg = Debug|Any CPU
		{B26D6B95-3086-4E98-9B54-3B54FE7C9934}.Debug|Any CPU.Build.0 = Debug|Any CPU
		{B26D6B95-3086-4E98-9B54-3B54FE7C9934}.Release|Any CPU.ActiveCfg = Release|Any CPU
		{B26D6B95-3086-4E98-9B54-3B54FE7C9934}.Release|Any CPU.Build.0 = Release|Any CPU
		{E51FC2C5-35BC-45A0-A371-D46C6F7C4448}.Debug|Any CPU.ActiveCfg = Debug|Any CPU
		{E51FC2C5-35BC-45A0-A371-D46C6F7C4448}.Debug|Any CPU.Build.0 = Debug|Any CPU
		{E51FC2C5-35BC-45A0-A371-D46C6F7C4448}.Release|Any CPU.ActiveCfg = Release|Any CPU
		{E51FC2C5-35BC-45A0-A371-D46C6F7C4448}.Release|Any CPU.Build.0 = Release|Any CPU
		{3A5A8900-B3F3-47A9-9364-22A889CA237B}.Debug|Any CPU.ActiveCfg = Debug|Any CPU
		{3A5A8900-B3F3-47A9-9364-22A889CA237B}.Debug|Any CPU.Build.0 = Debug|Any CPU
		{3A5A8900-B3F3-47A9-9364-22A889CA237B}.Release|Any CPU.ActiveCfg = Release|Any CPU
		{3A5A8900-B3F3-47A9-9364-22A889CA237B}.Release|Any CPU.Build.0 = Release|Any CPU
		{25234A88-CE8A-4EA3-B32D-35CFDF208659}.Debug|Any CPU.ActiveCfg = Debug|Any CPU
		{25234A88-CE8A-4EA3-B32D-35CFDF208659}.Debug|Any CPU.Build.0 = Debug|Any CPU
		{25234A88-CE8A-4EA3-B32D-35CFDF208659}.Release|Any CPU.ActiveCfg = Release|Any CPU
		{25234A88-CE8A-4EA3-B32D-35CFDF208659}.Release|Any CPU.Build.0 = Release|Any CPU
		{C1DEE1D6-69F0-44BD-B055-4294E931D543}.Debug|Any CPU.ActiveCfg = Debug|Any CPU
		{C1DEE1D6-69F0-44BD-B055-4294E931D543}.Debug|Any CPU.Build.0 = Debug|Any CPU
		{C1DEE1D6-69F0-44BD-B055-4294E931D543}.Release|Any CPU.ActiveCfg = Release|Any CPU
		{C1DEE1D6-69F0-44BD-B055-4294E931D543}.Release|Any CPU.Build.0 = Release|Any CPU
		{2E8C072F-2CCC-41B0-85FB-33AF2EA2BD60}.Debug|Any CPU.ActiveCfg = Debug|Any CPU
		{2E8C072F-2CCC-41B0-85FB-33AF2EA2BD60}.Debug|Any CPU.Build.0 = Debug|Any CPU
		{2E8C072F-2CCC-41B0-85FB-33AF2EA2BD60}.Release|Any CPU.ActiveCfg = Release|Any CPU
		{2E8C072F-2CCC-41B0-85FB-33AF2EA2BD60}.Release|Any CPU.Build.0 = Release|Any CPU
		{02886181-BC12-420A-9FF5-E4CD2926FFE8}.Debug|Any CPU.ActiveCfg = Debug|Any CPU
		{02886181-BC12-420A-9FF5-E4CD2926FFE8}.Debug|Any CPU.Build.0 = Debug|Any CPU
		{02886181-BC12-420A-9FF5-E4CD2926FFE8}.Release|Any CPU.ActiveCfg = Release|Any CPU
		{02886181-BC12-420A-9FF5-E4CD2926FFE8}.Release|Any CPU.Build.0 = Release|Any CPU
		{5D858389-440A-4FD5-A8A3-CFB5BB1DC386}.Debug|Any CPU.ActiveCfg = Debug|Any CPU
		{5D858389-440A-4FD5-A8A3-CFB5BB1DC386}.Debug|Any CPU.Build.0 = Debug|Any CPU
		{5D858389-440A-4FD5-A8A3-CFB5BB1DC386}.Release|Any CPU.ActiveCfg = Release|Any CPU
		{5D858389-440A-4FD5-A8A3-CFB5BB1DC386}.Release|Any CPU.Build.0 = Release|Any CPU
		{8ECACE75-4B78-4D5E-9887-E7BA4E6F7E19}.Debug|Any CPU.ActiveCfg = Debug|Any CPU
		{8ECACE75-4B78-4D5E-9887-E7BA4E6F7E19}.Debug|Any CPU.Build.0 = Debug|Any CPU
		{8ECACE75-4B78-4D5E-9887-E7BA4E6F7E19}.Release|Any CPU.ActiveCfg = Release|Any CPU
		{8ECACE75-4B78-4D5E-9887-E7BA4E6F7E19}.Release|Any CPU.Build.0 = Release|Any CPU
		{37A54CB4-345E-4676-B950-A54E12E220E9}.Debug|Any CPU.ActiveCfg = Debug|Any CPU
		{37A54CB4-345E-4676-B950-A54E12E220E9}.Debug|Any CPU.Build.0 = Debug|Any CPU
		{37A54CB4-345E-4676-B950-A54E12E220E9}.Release|Any CPU.ActiveCfg = Release|Any CPU
		{37A54CB4-345E-4676-B950-A54E12E220E9}.Release|Any CPU.Build.0 = Release|Any CPU
		{B6DC8BFE-F60D-4BE4-9AE3-1C2117CB642D}.Debug|Any CPU.ActiveCfg = Debug|Any CPU
		{B6DC8BFE-F60D-4BE4-9AE3-1C2117CB642D}.Debug|Any CPU.Build.0 = Debug|Any CPU
		{B6DC8BFE-F60D-4BE4-9AE3-1C2117CB642D}.Release|Any CPU.ActiveCfg = Release|Any CPU
		{B6DC8BFE-F60D-4BE4-9AE3-1C2117CB642D}.Release|Any CPU.Build.0 = Release|Any CPU
		{96FEDF5D-FA93-4E65-AFFD-3A661C61C458}.Debug|Any CPU.ActiveCfg = Debug|Any CPU
		{96FEDF5D-FA93-4E65-AFFD-3A661C61C458}.Debug|Any CPU.Build.0 = Debug|Any CPU
		{96FEDF5D-FA93-4E65-AFFD-3A661C61C458}.Release|Any CPU.ActiveCfg = Release|Any CPU
		{96FEDF5D-FA93-4E65-AFFD-3A661C61C458}.Release|Any CPU.Build.0 = Release|Any CPU
		{0683B593-7800-41DB-81E8-DF18E9A6B0E1}.Debug|Any CPU.ActiveCfg = Debug|Any CPU
		{0683B593-7800-41DB-81E8-DF18E9A6B0E1}.Debug|Any CPU.Build.0 = Debug|Any CPU
		{0683B593-7800-41DB-81E8-DF18E9A6B0E1}.Release|Any CPU.ActiveCfg = Release|Any CPU
		{0683B593-7800-41DB-81E8-DF18E9A6B0E1}.Release|Any CPU.Build.0 = Release|Any CPU
		{C32A5430-23A8-4CC8-B943-EF9C4B6BCDF6}.Debug|Any CPU.ActiveCfg = Debug|Any CPU
		{C32A5430-23A8-4CC8-B943-EF9C4B6BCDF6}.Debug|Any CPU.Build.0 = Debug|Any CPU
		{C32A5430-23A8-4CC8-B943-EF9C4B6BCDF6}.Release|Any CPU.ActiveCfg = Release|Any CPU
		{C32A5430-23A8-4CC8-B943-EF9C4B6BCDF6}.Release|Any CPU.Build.0 = Release|Any CPU
		{8AEB1E10-0636-468A-9996-67A6C348F9C5}.Debug|Any CPU.ActiveCfg = Debug|Any CPU
		{8AEB1E10-0636-468A-9996-67A6C348F9C5}.Debug|Any CPU.Build.0 = Debug|Any CPU
		{8AEB1E10-0636-468A-9996-67A6C348F9C5}.Release|Any CPU.ActiveCfg = Release|Any CPU
		{8AEB1E10-0636-468A-9996-67A6C348F9C5}.Release|Any CPU.Build.0 = Release|Any CPU
		{0451F64D-0F67-4B70-86BB-28B555091C9B}.Debug|Any CPU.ActiveCfg = Debug|Any CPU
		{0451F64D-0F67-4B70-86BB-28B555091C9B}.Debug|Any CPU.Build.0 = Debug|Any CPU
		{0451F64D-0F67-4B70-86BB-28B555091C9B}.Release|Any CPU.ActiveCfg = Release|Any CPU
		{0451F64D-0F67-4B70-86BB-28B555091C9B}.Release|Any CPU.Build.0 = Release|Any CPU
		{6EDF0307-EF61-48C8-88CD-DC815E2D1319}.Debug|Any CPU.ActiveCfg = Debug|Any CPU
		{6EDF0307-EF61-48C8-88CD-DC815E2D1319}.Debug|Any CPU.Build.0 = Debug|Any CPU
		{6EDF0307-EF61-48C8-88CD-DC815E2D1319}.Release|Any CPU.ActiveCfg = Release|Any CPU
		{6EDF0307-EF61-48C8-88CD-DC815E2D1319}.Release|Any CPU.Build.0 = Release|Any CPU
		{B18C81C7-99D0-4576-837E-14E53AD3CFF9}.Debug|Any CPU.ActiveCfg = Debug|Any CPU
		{B18C81C7-99D0-4576-837E-14E53AD3CFF9}.Debug|Any CPU.Build.0 = Debug|Any CPU
		{B18C81C7-99D0-4576-837E-14E53AD3CFF9}.Release|Any CPU.ActiveCfg = Release|Any CPU
		{B18C81C7-99D0-4576-837E-14E53AD3CFF9}.Release|Any CPU.Build.0 = Release|Any CPU
		{AE25286B-4F4D-40E2-90F6-7C2EC9DB3603}.Debug|Any CPU.ActiveCfg = Debug|Any CPU
		{AE25286B-4F4D-40E2-90F6-7C2EC9DB3603}.Debug|Any CPU.Build.0 = Debug|Any CPU
		{AE25286B-4F4D-40E2-90F6-7C2EC9DB3603}.Release|Any CPU.ActiveCfg = Release|Any CPU
		{AE25286B-4F4D-40E2-90F6-7C2EC9DB3603}.Release|Any CPU.Build.0 = Release|Any CPU
		{18A58E4F-D6F7-46FC-A403-B335F3B22F64}.Debug|Any CPU.ActiveCfg = Debug|Any CPU
		{18A58E4F-D6F7-46FC-A403-B335F3B22F64}.Debug|Any CPU.Build.0 = Debug|Any CPU
		{18A58E4F-D6F7-46FC-A403-B335F3B22F64}.Release|Any CPU.ActiveCfg = Release|Any CPU
		{18A58E4F-D6F7-46FC-A403-B335F3B22F64}.Release|Any CPU.Build.0 = Release|Any CPU
		{7C64ED69-54BD-42C8-82A3-7ADCC20AC2B9}.Debug|Any CPU.ActiveCfg = Debug|Any CPU
		{7C64ED69-54BD-42C8-82A3-7ADCC20AC2B9}.Debug|Any CPU.Build.0 = Debug|Any CPU
		{7C64ED69-54BD-42C8-82A3-7ADCC20AC2B9}.Release|Any CPU.ActiveCfg = Release|Any CPU
		{7C64ED69-54BD-42C8-82A3-7ADCC20AC2B9}.Release|Any CPU.Build.0 = Release|Any CPU
		{24E7BC6C-6266-47C2-B6DE-CD57A02C8C1C}.Debug|Any CPU.ActiveCfg = Debug|Any CPU
		{24E7BC6C-6266-47C2-B6DE-CD57A02C8C1C}.Debug|Any CPU.Build.0 = Debug|Any CPU
		{24E7BC6C-6266-47C2-B6DE-CD57A02C8C1C}.Release|Any CPU.ActiveCfg = Release|Any CPU
		{24E7BC6C-6266-47C2-B6DE-CD57A02C8C1C}.Release|Any CPU.Build.0 = Release|Any CPU
		{94380CF0-9385-4BF5-9F3D-0ECA60AB93D9}.Debug|Any CPU.ActiveCfg = Debug|Any CPU
		{94380CF0-9385-4BF5-9F3D-0ECA60AB93D9}.Debug|Any CPU.Build.0 = Debug|Any CPU
		{94380CF0-9385-4BF5-9F3D-0ECA60AB93D9}.Release|Any CPU.ActiveCfg = Release|Any CPU
		{94380CF0-9385-4BF5-9F3D-0ECA60AB93D9}.Release|Any CPU.Build.0 = Release|Any CPU
		{E50BED7A-C2FC-4058-B755-92B5FFFBF895}.Debug|Any CPU.ActiveCfg = Debug|Any CPU
		{E50BED7A-C2FC-4058-B755-92B5FFFBF895}.Debug|Any CPU.Build.0 = Debug|Any CPU
		{E50BED7A-C2FC-4058-B755-92B5FFFBF895}.Release|Any CPU.ActiveCfg = Release|Any CPU
		{E50BED7A-C2FC-4058-B755-92B5FFFBF895}.Release|Any CPU.Build.0 = Release|Any CPU
		{CF6DC932-A985-47C0-908C-0C018D8EE520}.Debug|Any CPU.ActiveCfg = Debug|Any CPU
		{CF6DC932-A985-47C0-908C-0C018D8EE520}.Debug|Any CPU.Build.0 = Debug|Any CPU
		{CF6DC932-A985-47C0-908C-0C018D8EE520}.Release|Any CPU.ActiveCfg = Release|Any CPU
		{CF6DC932-A985-47C0-908C-0C018D8EE520}.Release|Any CPU.Build.0 = Release|Any CPU
	EndGlobalSection
	GlobalSection(SolutionProperties) = preSolution
		HideSolutionNode = FALSE
	EndGlobalSection
	GlobalSection(ExtensibilityGlobals) = postSolution
		SolutionGuid = {87303F8E-DEC6-4348-AA68-426D418E3359}
	EndGlobalSection
EndGlobal
