
Microsoft Visual Studio Solution File, Format Version 12.00
# Visual Studio Version 17
VisualStudioVersion = 17.2.32630.192
MinimumVisualStudioVersion = 10.0.40219.1
Project("{9A19103F-16F7-4668-BE54-9A1E7A4F7556}") = "R5T.O0008.Construction", "R5T.O0008.Construction\R5T.O0008.Construction.csproj", "{04084ED2-609D-4F23-965C-61DF551595F0}"
EndProject
Project("{9A19103F-16F7-4668-BE54-9A1E7A4F7556}") = "R5T.O0008", "R5T.O0008\R5T.O0008.csproj", "{8F16DCFE-340D-4ED8-B94F-1D4558724EFD}"
EndProject
Global
	GlobalSection(SolutionConfigurationPlatforms) = preSolution
		Debug|Any CPU = Debug|Any CPU
		Release|Any CPU = Release|Any CPU
	EndGlobalSection
	GlobalSection(ProjectConfigurationPlatforms) = postSolution
		{04084ED2-609D-4F23-965C-61DF551595F0}.Debug|Any CPU.ActiveCfg = Debug|Any CPU
		{04084ED2-609D-4F23-965C-61DF551595F0}.Debug|Any CPU.Build.0 = Debug|Any CPU
		{04084ED2-609D-4F23-965C-61DF551595F0}.Release|Any CPU.ActiveCfg = Release|Any CPU
		{04084ED2-609D-4F23-965C-61DF551595F0}.Release|Any CPU.Build.0 = Release|Any CPU
		{8F16DCFE-340D-4ED8-B94F-1D4558724EFD}.Debug|Any CPU.ActiveCfg = Debug|Any CPU
		{8F16DCFE-340D-4ED8-B94F-1D4558724EFD}.Debug|Any CPU.Build.0 = Debug|Any CPU
		{8F16DCFE-340D-4ED8-B94F-1D4558724EFD}.Release|Any CPU.ActiveCfg = Release|Any CPU
		{8F16DCFE-340D-4ED8-B94F-1D4558724EFD}.Release|Any CPU.Build.0 = Release|Any CPU
	EndGlobalSection
	GlobalSection(SolutionProperties) = preSolution
		HideSolutionNode = FALSE
	EndGlobalSection
	GlobalSection(ExtensibilityGlobals) = postSolution
		SolutionGuid = {87303F8E-DEC6-4348-AA68-426D418E3359}
	EndGlobalSection
EndGlobal
